
Microsoft Visual Studio Solution File, Format Version 12.00
# Visual Studio Version 16
VisualStudioVersion = 16.0.31702.278
MinimumVisualStudioVersion = 10.0.40219.1
Project("{9A19103F-16F7-4668-BE54-9A1E7A4F7556}") = "orderdedArray", "ConsoleApp1\orderdedArray.csproj", "{76354F2F-FC69-486E-BD44-6CDAAC985C52}"
EndProject
Global
	GlobalSection(SolutionConfigurationPlatforms) = preSolution
		Debug|Any CPU = Debug|Any CPU
		Release|Any CPU = Release|Any CPU
	EndGlobalSection
	GlobalSection(ProjectConfigurationPlatforms) = postSolution
		{76354F2F-FC69-486E-BD44-6CDAAC985C52}.Debug|Any CPU.ActiveCfg = Debug|Any CPU
		{76354F2F-FC69-486E-BD44-6CDAAC985C52}.Debug|Any CPU.Build.0 = Debug|Any CPU
		{76354F2F-FC69-486E-BD44-6CDAAC985C52}.Release|Any CPU.ActiveCfg = Release|Any CPU
		{76354F2F-FC69-486E-BD44-6CDAAC985C52}.Release|Any CPU.Build.0 = Release|Any CPU
	EndGlobalSection
	GlobalSection(SolutionProperties) = preSolution
		HideSolutionNode = FALSE
	EndGlobalSection
	GlobalSection(ExtensibilityGlobals) = postSolution
		SolutionGuid = {82A6FF9C-5222-4E60-BD2B-510B5DA1BA6E}
	EndGlobalSection
EndGlobal
